<?xml version="1.0" encoding="UTF-8"?>
<CodeBlocks_project_file>
	<FileVersion major="1" minor="6"/>
	<Project>
		<Option title="main"/>
		<Option makefile_is_custom="1"/>
		<Option compiler="gcc"/>
		<Option virtualFolders="CMake Files\;CMake Files\tests\;CMake Files\lib\;CMake Files\lib\googletest\;CMake Files\lib\googletest\googlemock\;CMake Files\lib\googletest\googletest\;CMake Files\lib\googletest\googletest\cmake\;CMake Files\..\;CMake Files\..\..\;CMake Files\..\..\deal.II\;CMake Files\..\..\deal.II\lib\;CMake Files\..\..\deal.II\lib\cmake\;CMake Files\..\..\deal.II\lib\cmake\deal.II\;CMake Files\..\..\deal.II\share\;CMake Files\..\..\deal.II\share\deal.II\;CMake Files\..\..\deal.II\share\deal.II\macros\;"/>
		<Build>
			<Target title="all">
				<Option working_dir="/home/home/projects/dislocation"/>
				<Option type="4"/>
				<MakeCommands>
					<Build command="/usr/bin/make -f &quot;/home/home/projects/dislocation/Makefile&quot;  VERBOSE=1 all"/>
					<CompileFile command="/usr/bin/make -f &quot;/home/home/projects/dislocation/Makefile&quot;  VERBOSE=1 &quot;$file&quot;"/>
					<Clean command="/usr/bin/make -f &quot;/home/home/projects/dislocation/Makefile&quot;  VERBOSE=1 clean"/>
					<DistClean command="/usr/bin/make -f &quot;/home/home/projects/dislocation/Makefile&quot;  VERBOSE=1 clean"/>
				</MakeCommands>
			</Target>
			<Target title="install">
				<Option working_dir="/home/home/projects/dislocation"/>
				<Option type="4"/>
				<MakeCommands>
					<Build command="/usr/bin/make -f &quot;/home/home/projects/dislocation/Makefile&quot;  VERBOSE=1 install"/>
					<CompileFile command="/usr/bin/make -f &quot;/home/home/projects/dislocation/Makefile&quot;  VERBOSE=1 &quot;$file&quot;"/>
					<Clean command="/usr/bin/make -f &quot;/home/home/projects/dislocation/Makefile&quot;  VERBOSE=1 clean"/>
					<DistClean command="/usr/bin/make -f &quot;/home/home/projects/dislocation/Makefile&quot;  VERBOSE=1 clean"/>
				</MakeCommands>
			</Target>
			<Target title="install/strip">
				<Option working_dir="/home/home/projects/dislocation"/>
				<Option type="4"/>
				<MakeCommands>
					<Build command="/usr/bin/make -f &quot;/home/home/projects/dislocation/Makefile&quot;  VERBOSE=1 install/strip"/>
					<CompileFile command="/usr/bin/make -f &quot;/home/home/projects/dislocation/Makefile&quot;  VERBOSE=1 &quot;$file&quot;"/>
					<Clean command="/usr/bin/make -f &quot;/home/home/projects/dislocation/Makefile&quot;  VERBOSE=1 clean"/>
					<DistClean command="/usr/bin/make -f &quot;/home/home/projects/dislocation/Makefile&quot;  VERBOSE=1 clean"/>
				</MakeCommands>
			</Target>
			<Target title="list_install_components">
				<Option working_dir="/home/home/projects/dislocation"/>
				<Option type="4"/>
				<MakeCommands>
					<Build command="/usr/bin/make -f &quot;/home/home/projects/dislocation/Makefile&quot;  VERBOSE=1 list_install_components"/>
					<CompileFile command="/usr/bin/make -f &quot;/home/home/projects/dislocation/Makefile&quot;  VERBOSE=1 &quot;$file&quot;"/>
					<Clean command="/usr/bin/make -f &quot;/home/home/projects/dislocation/Makefile&quot;  VERBOSE=1 clean"/>
					<DistClean command="/usr/bin/make -f &quot;/home/home/projects/dislocation/Makefile&quot;  VERBOSE=1 clean"/>
				</MakeCommands>
			</Target>
			<Target title="main">
				<Option output="/home/home/projects/dislocation/main" prefix_auto="0" extension_auto="0"/>
				<Option working_dir="/home/home/projects/dislocation"/>
				<Option object_output="./"/>
				<Option type="1"/>
				<Option compiler="gcc"/>
				<Compiler>
					<Add option="-DDEBUG"/>
					<Add option="-DTBB_USE_DEBUG"/>
					<Add option="-DTBB_DO_ASSERT=1"/>
					<Add directory="/home/home/deal.II/include"/>
					<Add directory="/home/home/deal.II/include/deal.II/bundled"/>
					<Add directory="/usr/include/c++/4.8"/>
					<Add directory="/usr/include/x86_64-linux-gnu/c++/4.8"/>
					<Add directory="/usr/include/c++/4.8/backward"/>
					<Add directory="/usr/lib/gcc/x86_64-linux-gnu/4.8/include"/>
					<Add directory="/usr/local/include"/>
					<Add directory="/usr/lib/gcc/x86_64-linux-gnu/4.8/include-fixed"/>
					<Add directory="/usr/include/x86_64-linux-gnu"/>
					<Add directory="/usr/include"/>
				</Compiler>
				<MakeCommands>
					<Build command="/usr/bin/make -f &quot;/home/home/projects/dislocation/Makefile&quot;  VERBOSE=1 main"/>
					<CompileFile command="/usr/bin/make -f &quot;/home/home/projects/dislocation/Makefile&quot;  VERBOSE=1 &quot;$file&quot;"/>
					<Clean command="/usr/bin/make -f &quot;/home/home/projects/dislocation/Makefile&quot;  VERBOSE=1 clean"/>
					<DistClean command="/usr/bin/make -f &quot;/home/home/projects/dislocation/Makefile&quot;  VERBOSE=1 clean"/>
				</MakeCommands>
			</Target>
			<Target title="main/fast">
				<Option output="/home/home/projects/dislocation/main" prefix_auto="0" extension_auto="0"/>
				<Option working_dir="/home/home/projects/dislocation"/>
				<Option object_output="./"/>
				<Option type="1"/>
				<Option compiler="gcc"/>
				<Compiler>
					<Add option="-DDEBUG"/>
					<Add option="-DTBB_USE_DEBUG"/>
					<Add option="-DTBB_DO_ASSERT=1"/>
					<Add directory="/home/home/deal.II/include"/>
					<Add directory="/home/home/deal.II/include/deal.II/bundled"/>
					<Add directory="/usr/include/c++/4.8"/>
					<Add directory="/usr/include/x86_64-linux-gnu/c++/4.8"/>
					<Add directory="/usr/include/c++/4.8/backward"/>
					<Add directory="/usr/lib/gcc/x86_64-linux-gnu/4.8/include"/>
					<Add directory="/usr/local/include"/>
					<Add directory="/usr/lib/gcc/x86_64-linux-gnu/4.8/include-fixed"/>
					<Add directory="/usr/include/x86_64-linux-gnu"/>
					<Add directory="/usr/include"/>
				</Compiler>
				<MakeCommands>
					<Build command="/usr/bin/make -f &quot;/home/home/projects/dislocation/Makefile&quot;  VERBOSE=1 main/fast"/>
					<CompileFile command="/usr/bin/make -f &quot;/home/home/projects/dislocation/Makefile&quot;  VERBOSE=1 &quot;$file&quot;"/>
					<Clean command="/usr/bin/make -f &quot;/home/home/projects/dislocation/Makefile&quot;  VERBOSE=1 clean"/>
					<DistClean command="/usr/bin/make -f &quot;/home/home/projects/dislocation/Makefile&quot;  VERBOSE=1 clean"/>
				</MakeCommands>
			</Target>
			<Target title="debug">
				<Option working_dir="/home/home/projects/dislocation"/>
				<Option type="4"/>
				<MakeCommands>
					<Build command="/usr/bin/make -f &quot;/home/home/projects/dislocation/Makefile&quot;  VERBOSE=1 debug"/>
					<CompileFile command="/usr/bin/make -f &quot;/home/home/projects/dislocation/Makefile&quot;  VERBOSE=1 &quot;$file&quot;"/>
					<Clean command="/usr/bin/make -f &quot;/home/home/projects/dislocation/Makefile&quot;  VERBOSE=1 clean"/>
					<DistClean command="/usr/bin/make -f &quot;/home/home/projects/dislocation/Makefile&quot;  VERBOSE=1 clean"/>
				</MakeCommands>
			</Target>
			<Target title="run">
				<Option working_dir="/home/home/projects/dislocation"/>
				<Option type="4"/>
				<MakeCommands>
					<Build command="/usr/bin/make -f &quot;/home/home/projects/dislocation/Makefile&quot;  VERBOSE=1 run"/>
					<CompileFile command="/usr/bin/make -f &quot;/home/home/projects/dislocation/Makefile&quot;  VERBOSE=1 &quot;$file&quot;"/>
					<Clean command="/usr/bin/make -f &quot;/home/home/projects/dislocation/Makefile&quot;  VERBOSE=1 clean"/>
					<DistClean command="/usr/bin/make -f &quot;/home/home/projects/dislocation/Makefile&quot;  VERBOSE=1 clean"/>
				</MakeCommands>
			</Target>
			<Target title="release">
				<Option working_dir="/home/home/projects/dislocation"/>
				<Option type="4"/>
				<MakeCommands>
					<Build command="/usr/bin/make -f &quot;/home/home/projects/dislocation/Makefile&quot;  VERBOSE=1 release"/>
					<CompileFile command="/usr/bin/make -f &quot;/home/home/projects/dislocation/Makefile&quot;  VERBOSE=1 &quot;$file&quot;"/>
					<Clean command="/usr/bin/make -f &quot;/home/home/projects/dislocation/Makefile&quot;  VERBOSE=1 clean"/>
					<DistClean command="/usr/bin/make -f &quot;/home/home/projects/dislocation/Makefile&quot;  VERBOSE=1 clean"/>
				</MakeCommands>
			</Target>
			<Target title="install/local">
				<Option working_dir="/home/home/projects/dislocation"/>
				<Option type="4"/>
				<MakeCommands>
					<Build command="/usr/bin/make -f &quot;/home/home/projects/dislocation/Makefile&quot;  VERBOSE=1 install/local"/>
					<CompileFile command="/usr/bin/make -f &quot;/home/home/projects/dislocation/Makefile&quot;  VERBOSE=1 &quot;$file&quot;"/>
					<Clean command="/usr/bin/make -f &quot;/home/home/projects/dislocation/Makefile&quot;  VERBOSE=1 clean"/>
					<DistClean command="/usr/bin/make -f &quot;/home/home/projects/dislocation/Makefile&quot;  VERBOSE=1 clean"/>
				</MakeCommands>
			</Target>
			<Target title="runclean">
				<Option working_dir="/home/home/projects/dislocation"/>
				<Option type="4"/>
				<MakeCommands>
					<Build command="/usr/bin/make -f &quot;/home/home/projects/dislocation/Makefile&quot;  VERBOSE=1 runclean"/>
					<CompileFile command="/usr/bin/make -f &quot;/home/home/projects/dislocation/Makefile&quot;  VERBOSE=1 &quot;$file&quot;"/>
					<Clean command="/usr/bin/make -f &quot;/home/home/projects/dislocation/Makefile&quot;  VERBOSE=1 clean"/>
					<DistClean command="/usr/bin/make -f &quot;/home/home/projects/dislocation/Makefile&quot;  VERBOSE=1 clean"/>
				</MakeCommands>
			</Target>
			<Target title="strip_comments">
				<Option working_dir="/home/home/projects/dislocation"/>
				<Option type="4"/>
				<MakeCommands>
					<Build command="/usr/bin/make -f &quot;/home/home/projects/dislocation/Makefile&quot;  VERBOSE=1 strip_comments"/>
					<CompileFile command="/usr/bin/make -f &quot;/home/home/projects/dislocation/Makefile&quot;  VERBOSE=1 &quot;$file&quot;"/>
					<Clean command="/usr/bin/make -f &quot;/home/home/projects/dislocation/Makefile&quot;  VERBOSE=1 clean"/>
					<DistClean command="/usr/bin/make -f &quot;/home/home/projects/dislocation/Makefile&quot;  VERBOSE=1 clean"/>
				</MakeCommands>
			</Target>
			<Target title="info">
				<Option working_dir="/home/home/projects/dislocation"/>
				<Option type="4"/>
				<MakeCommands>
					<Build command="/usr/bin/make -f &quot;/home/home/projects/dislocation/Makefile&quot;  VERBOSE=1 info"/>
					<CompileFile command="/usr/bin/make -f &quot;/home/home/projects/dislocation/Makefile&quot;  VERBOSE=1 &quot;$file&quot;"/>
					<Clean command="/usr/bin/make -f &quot;/home/home/projects/dislocation/Makefile&quot;  VERBOSE=1 clean"/>
					<DistClean command="/usr/bin/make -f &quot;/home/home/projects/dislocation/Makefile&quot;  VERBOSE=1 clean"/>
				</MakeCommands>
			</Target>
			<Target title="distclean">
				<Option working_dir="/home/home/projects/dislocation"/>
				<Option type="4"/>
				<MakeCommands>
					<Build command="/usr/bin/make -f &quot;/home/home/projects/dislocation/Makefile&quot;  VERBOSE=1 distclean"/>
					<CompileFile command="/usr/bin/make -f &quot;/home/home/projects/dislocation/Makefile&quot;  VERBOSE=1 &quot;$file&quot;"/>
					<Clean command="/usr/bin/make -f &quot;/home/home/projects/dislocation/Makefile&quot;  VERBOSE=1 clean"/>
					<DistClean command="/usr/bin/make -f &quot;/home/home/projects/dislocation/Makefile&quot;  VERBOSE=1 clean"/>
				</MakeCommands>
			</Target>
			<Target title="rebuild_cache">
				<Option working_dir="/home/home/projects/dislocation"/>
				<Option type="4"/>
				<MakeCommands>
					<Build command="/usr/bin/make -f &quot;/home/home/projects/dislocation/Makefile&quot;  VERBOSE=1 rebuild_cache"/>
					<CompileFile command="/usr/bin/make -f &quot;/home/home/projects/dislocation/Makefile&quot;  VERBOSE=1 &quot;$file&quot;"/>
					<Clean command="/usr/bin/make -f &quot;/home/home/projects/dislocation/Makefile&quot;  VERBOSE=1 clean"/>
					<DistClean command="/usr/bin/make -f &quot;/home/home/projects/dislocation/Makefile&quot;  VERBOSE=1 clean"/>
				</MakeCommands>
			</Target>
			<Target title="edit_cache">
				<Option working_dir="/home/home/projects/dislocation"/>
				<Option type="4"/>
				<MakeCommands>
					<Build command="/usr/bin/make -f &quot;/home/home/projects/dislocation/Makefile&quot;  VERBOSE=1 edit_cache"/>
					<CompileFile command="/usr/bin/make -f &quot;/home/home/projects/dislocation/Makefile&quot;  VERBOSE=1 &quot;$file&quot;"/>
					<Clean command="/usr/bin/make -f &quot;/home/home/projects/dislocation/Makefile&quot;  VERBOSE=1 clean"/>
					<DistClean command="/usr/bin/make -f &quot;/home/home/projects/dislocation/Makefile&quot;  VERBOSE=1 clean"/>
				</MakeCommands>
			</Target>
			<Target title="Tests">
				<Option output="/home/home/projects/dislocation/tests/Tests" prefix_auto="0" extension_auto="0"/>
				<Option working_dir="/home/home/projects/dislocation/tests"/>
				<Option object_output="./"/>
				<Option type="1"/>
				<Option compiler="gcc"/>
				<Compiler>
					<Add directory="/home/home/projects/dislocation/tests/../lib/googletest/googletest/include"/>
					<Add directory="/home/home/projects/dislocation/tests/../src"/>
					<Add directory="/home/home/projects/dislocation/lib/googletest/googletest/include"/>
					<Add directory="/usr/include/c++/4.8"/>
					<Add directory="/usr/include/x86_64-linux-gnu/c++/4.8"/>
					<Add directory="/usr/include/c++/4.8/backward"/>
					<Add directory="/usr/lib/gcc/x86_64-linux-gnu/4.8/include"/>
					<Add directory="/usr/local/include"/>
					<Add directory="/usr/lib/gcc/x86_64-linux-gnu/4.8/include-fixed"/>
					<Add directory="/usr/include/x86_64-linux-gnu"/>
					<Add directory="/usr/include"/>
				</Compiler>
				<MakeCommands>
					<Build command="/usr/bin/make -f &quot;/home/home/projects/dislocation/tests/Makefile&quot;  VERBOSE=1 Tests"/>
					<CompileFile command="/usr/bin/make -f &quot;/home/home/projects/dislocation/tests/Makefile&quot;  VERBOSE=1 &quot;$file&quot;"/>
					<Clean command="/usr/bin/make -f &quot;/home/home/projects/dislocation/tests/Makefile&quot;  VERBOSE=1 clean"/>
					<DistClean command="/usr/bin/make -f &quot;/home/home/projects/dislocation/tests/Makefile&quot;  VERBOSE=1 clean"/>
				</MakeCommands>
			</Target>
			<Target title="Tests/fast">
				<Option output="/home/home/projects/dislocation/tests/Tests" prefix_auto="0" extension_auto="0"/>
				<Option working_dir="/home/home/projects/dislocation/tests"/>
				<Option object_output="./"/>
				<Option type="1"/>
				<Option compiler="gcc"/>
				<Compiler>
					<Add directory="/home/home/projects/dislocation/tests/../lib/googletest/googletest/include"/>
					<Add directory="/home/home/projects/dislocation/tests/../src"/>
					<Add directory="/home/home/projects/dislocation/lib/googletest/googletest/include"/>
					<Add directory="/usr/include/c++/4.8"/>
					<Add directory="/usr/include/x86_64-linux-gnu/c++/4.8"/>
					<Add directory="/usr/include/c++/4.8/backward"/>
					<Add directory="/usr/lib/gcc/x86_64-linux-gnu/4.8/include"/>
					<Add directory="/usr/local/include"/>
					<Add directory="/usr/lib/gcc/x86_64-linux-gnu/4.8/include-fixed"/>
					<Add directory="/usr/include/x86_64-linux-gnu"/>
					<Add directory="/usr/include"/>
				</Compiler>
				<MakeCommands>
					<Build command="/usr/bin/make -f &quot;/home/home/projects/dislocation/tests/Makefile&quot;  VERBOSE=1 Tests/fast"/>
					<CompileFile command="/usr/bin/make -f &quot;/home/home/projects/dislocation/tests/Makefile&quot;  VERBOSE=1 &quot;$file&quot;"/>
					<Clean command="/usr/bin/make -f &quot;/home/home/projects/dislocation/tests/Makefile&quot;  VERBOSE=1 clean"/>
					<DistClean command="/usr/bin/make -f &quot;/home/home/projects/dislocation/tests/Makefile&quot;  VERBOSE=1 clean"/>
				</MakeCommands>
			</Target>
			<Target title="gmock_main">
				<Option output="/home/home/projects/dislocation/CMakeFiles/gtest-build/googlemock/libgmock_main.a" prefix_auto="0" extension_auto="0"/>
				<Option working_dir="/home/home/projects/dislocation/CMakeFiles/gtest-build/googlemock"/>
				<Option object_output="./"/>
				<Option type="2"/>
				<Option compiler="gcc"/>
				<Compiler>
					<Add directory="/home/home/projects/dislocation/lib/googletest/googlemock/include"/>
					<Add directory="/home/home/projects/dislocation/lib/googletest/googlemock"/>
					<Add directory="/home/home/projects/dislocation/lib/googletest/googletest/include"/>
					<Add directory="/home/home/projects/dislocation/lib/googletest/googletest"/>
					<Add directory="/usr/include/c++/4.8"/>
					<Add directory="/usr/include/x86_64-linux-gnu/c++/4.8"/>
					<Add directory="/usr/include/c++/4.8/backward"/>
					<Add directory="/usr/lib/gcc/x86_64-linux-gnu/4.8/include"/>
					<Add directory="/usr/local/include"/>
					<Add directory="/usr/lib/gcc/x86_64-linux-gnu/4.8/include-fixed"/>
					<Add directory="/usr/include/x86_64-linux-gnu"/>
					<Add directory="/usr/include"/>
				</Compiler>
				<MakeCommands>
					<Build command="/usr/bin/make -f &quot;/home/home/projects/dislocation/CMakeFiles/gtest-build/googlemock/Makefile&quot;  VERBOSE=1 gmock_main"/>
					<CompileFile command="/usr/bin/make -f &quot;/home/home/projects/dislocation/CMakeFiles/gtest-build/googlemock/Makefile&quot;  VERBOSE=1 &quot;$file&quot;"/>
					<Clean command="/usr/bin/make -f &quot;/home/home/projects/dislocation/CMakeFiles/gtest-build/googlemock/Makefile&quot;  VERBOSE=1 clean"/>
					<DistClean command="/usr/bin/make -f &quot;/home/home/projects/dislocation/CMakeFiles/gtest-build/googlemock/Makefile&quot;  VERBOSE=1 clean"/>
				</MakeCommands>
			</Target>
			<Target title="gmock_main/fast">
				<Option output="/home/home/projects/dislocation/CMakeFiles/gtest-build/googlemock/libgmock_main.a" prefix_auto="0" extension_auto="0"/>
				<Option working_dir="/home/home/projects/dislocation/CMakeFiles/gtest-build/googlemock"/>
				<Option object_output="./"/>
				<Option type="2"/>
				<Option compiler="gcc"/>
				<Compiler>
					<Add directory="/home/home/projects/dislocation/lib/googletest/googlemock/include"/>
					<Add directory="/home/home/projects/dislocation/lib/googletest/googlemock"/>
					<Add directory="/home/home/projects/dislocation/lib/googletest/googletest/include"/>
					<Add directory="/home/home/projects/dislocation/lib/googletest/googletest"/>
					<Add directory="/usr/include/c++/4.8"/>
					<Add directory="/usr/include/x86_64-linux-gnu/c++/4.8"/>
					<Add directory="/usr/include/c++/4.8/backward"/>
					<Add directory="/usr/lib/gcc/x86_64-linux-gnu/4.8/include"/>
					<Add directory="/usr/local/include"/>
					<Add directory="/usr/lib/gcc/x86_64-linux-gnu/4.8/include-fixed"/>
					<Add directory="/usr/include/x86_64-linux-gnu"/>
					<Add directory="/usr/include"/>
				</Compiler>
				<MakeCommands>
					<Build command="/usr/bin/make -f &quot;/home/home/projects/dislocation/CMakeFiles/gtest-build/googlemock/Makefile&quot;  VERBOSE=1 gmock_main/fast"/>
					<CompileFile command="/usr/bin/make -f &quot;/home/home/projects/dislocation/CMakeFiles/gtest-build/googlemock/Makefile&quot;  VERBOSE=1 &quot;$file&quot;"/>
					<Clean command="/usr/bin/make -f &quot;/home/home/projects/dislocation/CMakeFiles/gtest-build/googlemock/Makefile&quot;  VERBOSE=1 clean"/>
					<DistClean command="/usr/bin/make -f &quot;/home/home/projects/dislocation/CMakeFiles/gtest-build/googlemock/Makefile&quot;  VERBOSE=1 clean"/>
				</MakeCommands>
			</Target>
			<Target title="gmock">
				<Option output="/home/home/projects/dislocation/CMakeFiles/gtest-build/googlemock/libgmock.a" prefix_auto="0" extension_auto="0"/>
				<Option working_dir="/home/home/projects/dislocation/CMakeFiles/gtest-build/googlemock"/>
				<Option object_output="./"/>
				<Option type="2"/>
				<Option compiler="gcc"/>
				<Compiler>
					<Add directory="/home/home/projects/dislocation/lib/googletest/googlemock/include"/>
					<Add directory="/home/home/projects/dislocation/lib/googletest/googlemock"/>
					<Add directory="/home/home/projects/dislocation/lib/googletest/googletest/include"/>
					<Add directory="/home/home/projects/dislocation/lib/googletest/googletest"/>
					<Add directory="/usr/include/c++/4.8"/>
					<Add directory="/usr/include/x86_64-linux-gnu/c++/4.8"/>
					<Add directory="/usr/include/c++/4.8/backward"/>
					<Add directory="/usr/lib/gcc/x86_64-linux-gnu/4.8/include"/>
					<Add directory="/usr/local/include"/>
					<Add directory="/usr/lib/gcc/x86_64-linux-gnu/4.8/include-fixed"/>
					<Add directory="/usr/include/x86_64-linux-gnu"/>
					<Add directory="/usr/include"/>
				</Compiler>
				<MakeCommands>
					<Build command="/usr/bin/make -f &quot;/home/home/projects/dislocation/CMakeFiles/gtest-build/googlemock/Makefile&quot;  VERBOSE=1 gmock"/>
					<CompileFile command="/usr/bin/make -f &quot;/home/home/projects/dislocation/CMakeFiles/gtest-build/googlemock/Makefile&quot;  VERBOSE=1 &quot;$file&quot;"/>
					<Clean command="/usr/bin/make -f &quot;/home/home/projects/dislocation/CMakeFiles/gtest-build/googlemock/Makefile&quot;  VERBOSE=1 clean"/>
					<DistClean command="/usr/bin/make -f &quot;/home/home/projects/dislocation/CMakeFiles/gtest-build/googlemock/Makefile&quot;  VERBOSE=1 clean"/>
				</MakeCommands>
			</Target>
			<Target title="gmock/fast">
				<Option output="/home/home/projects/dislocation/CMakeFiles/gtest-build/googlemock/libgmock.a" prefix_auto="0" extension_auto="0"/>
				<Option working_dir="/home/home/projects/dislocation/CMakeFiles/gtest-build/googlemock"/>
				<Option object_output="./"/>
				<Option type="2"/>
				<Option compiler="gcc"/>
				<Compiler>
					<Add directory="/home/home/projects/dislocation/lib/googletest/googlemock/include"/>
					<Add directory="/home/home/projects/dislocation/lib/googletest/googlemock"/>
					<Add directory="/home/home/projects/dislocation/lib/googletest/googletest/include"/>
					<Add directory="/home/home/projects/dislocation/lib/googletest/googletest"/>
					<Add directory="/usr/include/c++/4.8"/>
					<Add directory="/usr/include/x86_64-linux-gnu/c++/4.8"/>
					<Add directory="/usr/include/c++/4.8/backward"/>
					<Add directory="/usr/lib/gcc/x86_64-linux-gnu/4.8/include"/>
					<Add directory="/usr/local/include"/>
					<Add directory="/usr/lib/gcc/x86_64-linux-gnu/4.8/include-fixed"/>
					<Add directory="/usr/include/x86_64-linux-gnu"/>
					<Add directory="/usr/include"/>
				</Compiler>
				<MakeCommands>
					<Build command="/usr/bin/make -f &quot;/home/home/projects/dislocation/CMakeFiles/gtest-build/googlemock/Makefile&quot;  VERBOSE=1 gmock/fast"/>
					<CompileFile command="/usr/bin/make -f &quot;/home/home/projects/dislocation/CMakeFiles/gtest-build/googlemock/Makefile&quot;  VERBOSE=1 &quot;$file&quot;"/>
					<Clean command="/usr/bin/make -f &quot;/home/home/projects/dislocation/CMakeFiles/gtest-build/googlemock/Makefile&quot;  VERBOSE=1 clean"/>
					<DistClean command="/usr/bin/make -f &quot;/home/home/projects/dislocation/CMakeFiles/gtest-build/googlemock/Makefile&quot;  VERBOSE=1 clean"/>
				</MakeCommands>
			</Target>
			<Target title="gtest_main">
				<Option output="/home/home/projects/dislocation/CMakeFiles/gtest-build/googlemock/gtest/libgtest_main.a" prefix_auto="0" extension_auto="0"/>
				<Option working_dir="/home/home/projects/dislocation/CMakeFiles/gtest-build/googlemock/gtest"/>
				<Option object_output="./"/>
				<Option type="2"/>
				<Option compiler="gcc"/>
				<Compiler>
					<Add directory="/home/home/projects/dislocation/lib/googletest/googletest/include"/>
					<Add directory="/home/home/projects/dislocation/lib/googletest/googletest"/>
					<Add directory="/usr/include/c++/4.8"/>
					<Add directory="/usr/include/x86_64-linux-gnu/c++/4.8"/>
					<Add directory="/usr/include/c++/4.8/backward"/>
					<Add directory="/usr/lib/gcc/x86_64-linux-gnu/4.8/include"/>
					<Add directory="/usr/local/include"/>
					<Add directory="/usr/lib/gcc/x86_64-linux-gnu/4.8/include-fixed"/>
					<Add directory="/usr/include/x86_64-linux-gnu"/>
					<Add directory="/usr/include"/>
				</Compiler>
				<MakeCommands>
					<Build command="/usr/bin/make -f &quot;/home/home/projects/dislocation/CMakeFiles/gtest-build/googlemock/gtest/Makefile&quot;  VERBOSE=1 gtest_main"/>
					<CompileFile command="/usr/bin/make -f &quot;/home/home/projects/dislocation/CMakeFiles/gtest-build/googlemock/gtest/Makefile&quot;  VERBOSE=1 &quot;$file&quot;"/>
					<Clean command="/usr/bin/make -f &quot;/home/home/projects/dislocation/CMakeFiles/gtest-build/googlemock/gtest/Makefile&quot;  VERBOSE=1 clean"/>
					<DistClean command="/usr/bin/make -f &quot;/home/home/projects/dislocation/CMakeFiles/gtest-build/googlemock/gtest/Makefile&quot;  VERBOSE=1 clean"/>
				</MakeCommands>
			</Target>
			<Target title="gtest_main/fast">
				<Option output="/home/home/projects/dislocation/CMakeFiles/gtest-build/googlemock/gtest/libgtest_main.a" prefix_auto="0" extension_auto="0"/>
				<Option working_dir="/home/home/projects/dislocation/CMakeFiles/gtest-build/googlemock/gtest"/>
				<Option object_output="./"/>
				<Option type="2"/>
				<Option compiler="gcc"/>
				<Compiler>
					<Add directory="/home/home/projects/dislocation/lib/googletest/googletest/include"/>
					<Add directory="/home/home/projects/dislocation/lib/googletest/googletest"/>
					<Add directory="/usr/include/c++/4.8"/>
					<Add directory="/usr/include/x86_64-linux-gnu/c++/4.8"/>
					<Add directory="/usr/include/c++/4.8/backward"/>
					<Add directory="/usr/lib/gcc/x86_64-linux-gnu/4.8/include"/>
					<Add directory="/usr/local/include"/>
					<Add directory="/usr/lib/gcc/x86_64-linux-gnu/4.8/include-fixed"/>
					<Add directory="/usr/include/x86_64-linux-gnu"/>
					<Add directory="/usr/include"/>
				</Compiler>
				<MakeCommands>
					<Build command="/usr/bin/make -f &quot;/home/home/projects/dislocation/CMakeFiles/gtest-build/googlemock/gtest/Makefile&quot;  VERBOSE=1 gtest_main/fast"/>
					<CompileFile command="/usr/bin/make -f &quot;/home/home/projects/dislocation/CMakeFiles/gtest-build/googlemock/gtest/Makefile&quot;  VERBOSE=1 &quot;$file&quot;"/>
					<Clean command="/usr/bin/make -f &quot;/home/home/projects/dislocation/CMakeFiles/gtest-build/googlemock/gtest/Makefile&quot;  VERBOSE=1 clean"/>
					<DistClean command="/usr/bin/make -f &quot;/home/home/projects/dislocation/CMakeFiles/gtest-build/googlemock/gtest/Makefile&quot;  VERBOSE=1 clean"/>
				</MakeCommands>
			</Target>
			<Target title="gtest">
				<Option output="/home/home/projects/dislocation/CMakeFiles/gtest-build/googlemock/gtest/libgtest.a" prefix_auto="0" extension_auto="0"/>
				<Option working_dir="/home/home/projects/dislocation/CMakeFiles/gtest-build/googlemock/gtest"/>
				<Option object_output="./"/>
				<Option type="2"/>
				<Option compiler="gcc"/>
				<Compiler>
					<Add directory="/home/home/projects/dislocation/lib/googletest/googletest/include"/>
					<Add directory="/home/home/projects/dislocation/lib/googletest/googletest"/>
					<Add directory="/usr/include/c++/4.8"/>
					<Add directory="/usr/include/x86_64-linux-gnu/c++/4.8"/>
					<Add directory="/usr/include/c++/4.8/backward"/>
					<Add directory="/usr/lib/gcc/x86_64-linux-gnu/4.8/include"/>
					<Add directory="/usr/local/include"/>
					<Add directory="/usr/lib/gcc/x86_64-linux-gnu/4.8/include-fixed"/>
					<Add directory="/usr/include/x86_64-linux-gnu"/>
					<Add directory="/usr/include"/>
				</Compiler>
				<MakeCommands>
					<Build command="/usr/bin/make -f &quot;/home/home/projects/dislocation/CMakeFiles/gtest-build/googlemock/gtest/Makefile&quot;  VERBOSE=1 gtest"/>
					<CompileFile command="/usr/bin/make -f &quot;/home/home/projects/dislocation/CMakeFiles/gtest-build/googlemock/gtest/Makefile&quot;  VERBOSE=1 &quot;$file&quot;"/>
					<Clean command="/usr/bin/make -f &quot;/home/home/projects/dislocation/CMakeFiles/gtest-build/googlemock/gtest/Makefile&quot;  VERBOSE=1 clean"/>
					<DistClean command="/usr/bin/make -f &quot;/home/home/projects/dislocation/CMakeFiles/gtest-build/googlemock/gtest/Makefile&quot;  VERBOSE=1 clean"/>
				</MakeCommands>
			</Target>
			<Target title="gtest/fast">
				<Option output="/home/home/projects/dislocation/CMakeFiles/gtest-build/googlemock/gtest/libgtest.a" prefix_auto="0" extension_auto="0"/>
				<Option working_dir="/home/home/projects/dislocation/CMakeFiles/gtest-build/googlemock/gtest"/>
				<Option object_output="./"/>
				<Option type="2"/>
				<Option compiler="gcc"/>
				<Compiler>
					<Add directory="/home/home/projects/dislocation/lib/googletest/googletest/include"/>
					<Add directory="/home/home/projects/dislocation/lib/googletest/googletest"/>
					<Add directory="/usr/include/c++/4.8"/>
					<Add directory="/usr/include/x86_64-linux-gnu/c++/4.8"/>
					<Add directory="/usr/include/c++/4.8/backward"/>
					<Add directory="/usr/lib/gcc/x86_64-linux-gnu/4.8/include"/>
					<Add directory="/usr/local/include"/>
					<Add directory="/usr/lib/gcc/x86_64-linux-gnu/4.8/include-fixed"/>
					<Add directory="/usr/include/x86_64-linux-gnu"/>
					<Add directory="/usr/include"/>
				</Compiler>
				<MakeCommands>
					<Build command="/usr/bin/make -f &quot;/home/home/projects/dislocation/CMakeFiles/gtest-build/googlemock/gtest/Makefile&quot;  VERBOSE=1 gtest/fast"/>
					<CompileFile command="/usr/bin/make -f &quot;/home/home/projects/dislocation/CMakeFiles/gtest-build/googlemock/gtest/Makefile&quot;  VERBOSE=1 &quot;$file&quot;"/>
					<Clean command="/usr/bin/make -f &quot;/home/home/projects/dislocation/CMakeFiles/gtest-build/googlemock/gtest/Makefile&quot;  VERBOSE=1 clean"/>
					<DistClean command="/usr/bin/make -f &quot;/home/home/projects/dislocation/CMakeFiles/gtest-build/googlemock/gtest/Makefile&quot;  VERBOSE=1 clean"/>
				</MakeCommands>
			</Target>
		</Build>
		<Unit filename="/home/home/projects/dislocation/lib/googletest/googlemock/src/gmock-all.cc">
			<Option target="gmock_main"/>
			<Option target="gmock"/>
		</Unit>
		<Unit filename="/home/home/projects/dislocation/lib/googletest/googlemock/src/gmock_main.cc">
			<Option target="gmock_main"/>
		</Unit>
		<Unit filename="/home/home/projects/dislocation/lib/googletest/googletest/src/gtest-all.cc">
			<Option target="gmock_main"/>
			<Option target="gmock"/>
			<Option target="gtest"/>
		</Unit>
		<Unit filename="/home/home/projects/dislocation/lib/googletest/googletest/src/gtest_main.cc">
			<Option target="gtest_main"/>
		</Unit>
		<Unit filename="/home/home/projects/dislocation/main.cc">
			<Option target="main"/>
		</Unit>
		<Unit filename="/home/home/projects/dislocation/tests/main.cpp">
			<Option target="Tests"/>
		</Unit>
		<Unit filename="/home/home/projects/dislocation/CMakeLists.txt">
			<Option virtualFolder="CMake Files\"/>
		</Unit>
		<Unit filename="/home/home/projects/dislocation/tests/CMakeLists.txt">
			<Option virtualFolder="CMake Files\tests\"/>
		</Unit>
		<Unit filename="/home/home/projects/dislocation/tests/CMakeLists.txt">
			<Option virtualFolder="CMake Files\tests\"/>
		</Unit>
		<Unit filename="/home/home/projects/dislocation/lib/googletest/CMakeLists.txt">
			<Option virtualFolder="CMake Files\lib\googletest\"/>
		</Unit>
		<Unit filename="/home/home/projects/dislocation/lib/googletest/CMakeLists.txt">
			<Option virtualFolder="CMake Files\lib\googletest\"/>
		</Unit>
		<Unit filename="/home/home/projects/dislocation/lib/googletest/CMakeLists.txt">
			<Option virtualFolder="CMake Files\lib\googletest\"/>
		</Unit>
		<Unit filename="/home/home/projects/dislocation/lib/googletest/googlemock/CMakeLists.txt">
			<Option virtualFolder="CMake Files\lib\googletest\googlemock\"/>
		</Unit>
		<Unit filename="/home/home/projects/dislocation/lib/googletest/googlemock/CMakeLists.txt">
			<Option virtualFolder="CMake Files\lib\googletest\googlemock\"/>
		</Unit>
		<Unit filename="/home/home/projects/dislocation/lib/googletest/googlemock/CMakeLists.txt">
			<Option virtualFolder="CMake Files\lib\googletest\googlemock\"/>
		</Unit>
		<Unit filename="/home/home/projects/dislocation/lib/googletest/googlemock/CMakeLists.txt">
			<Option virtualFolder="CMake Files\lib\googletest\googlemock\"/>
		</Unit>
		<Unit filename="/home/home/projects/dislocation/lib/googletest/googletest/CMakeLists.txt">
			<Option virtualFolder="CMake Files\lib\googletest\googletest\"/>
		</Unit>
		<Unit filename="/home/home/projects/dislocation/lib/googletest/googletest/CMakeLists.txt">
			<Option virtualFolder="CMake Files\lib\googletest\googletest\"/>
		</Unit>
		<Unit filename="/home/home/projects/dislocation/lib/googletest/googletest/CMakeLists.txt">
			<Option virtualFolder="CMake Files\lib\googletest\googletest\"/>
		</Unit>
		<Unit filename="/home/home/projects/dislocation/lib/googletest/googletest/CMakeLists.txt">
			<Option virtualFolder="CMake Files\lib\googletest\googletest\"/>
		</Unit>
		<Unit filename="/home/home/projects/dislocation/lib/googletest/googletest/CMakeLists.txt">
			<Option virtualFolder="CMake Files\lib\googletest\googletest\"/>
		</Unit>
		<Unit filename="/home/home/projects/dislocation/lib/googletest/googletest/cmake/internal_utils.cmake">
			<Option virtualFolder="CMake Files\lib\googletest\googletest\cmake\"/>
		</Unit>
		<Unit filename="/home/home/projects/dislocation/lib/googletest/googletest/cmake/internal_utils.cmake">
			<Option virtualFolder="CMake Files\lib\googletest\googletest\cmake\"/>
		</Unit>
		<Unit filename="/home/home/projects/dislocation/lib/googletest/googletest/cmake/internal_utils.cmake">
			<Option virtualFolder="CMake Files\lib\googletest\googletest\cmake\"/>
		</Unit>
		<Unit filename="/home/home/projects/dislocation/lib/googletest/googletest/cmake/internal_utils.cmake">
			<Option virtualFolder="CMake Files\lib\googletest\googletest\cmake\"/>
		</Unit>
		<Unit filename="/home/home/projects/dislocation/lib/googletest/googletest/cmake/internal_utils.cmake">
			<Option virtualFolder="CMake Files\lib\googletest\googletest\cmake\"/>
		</Unit>
		<Unit filename="/home/home/projects/dislocation/../../deal.II/lib/cmake/deal.II/deal.IIConfigVersion.cmake">
			<Option virtualFolder="CMake Files\..\..\deal.II\lib\cmake\deal.II\"/>
		</Unit>
		<Unit filename="/home/home/projects/dislocation/../../deal.II/lib/cmake/deal.II/deal.IIConfig.cmake">
			<Option virtualFolder="CMake Files\..\..\deal.II\lib\cmake\deal.II\"/>
		</Unit>
		<Unit filename="/home/home/projects/dislocation/../../deal.II/lib/cmake/deal.II/deal.IITargets.cmake">
			<Option virtualFolder="CMake Files\..\..\deal.II\lib\cmake\deal.II\"/>
		</Unit>
		<Unit filename="/home/home/projects/dislocation/../../deal.II/lib/cmake/deal.II/deal.IITargets-debugrelease.cmake">
			<Option virtualFolder="CMake Files\..\..\deal.II\lib\cmake\deal.II\"/>
		</Unit>
		<Unit filename="/home/home/projects/dislocation/../../deal.II/share/deal.II/macros/macro_deal_ii_add_test.cmake">
			<Option virtualFolder="CMake Files\..\..\deal.II\share\deal.II\macros\"/>
		</Unit>
		<Unit filename="/home/home/projects/dislocation/../../deal.II/share/deal.II/macros/macro_deal_ii_initialize_cached_variables.cmake">
			<Option virtualFolder="CMake Files\..\..\deal.II\share\deal.II\macros\"/>
		</Unit>
		<Unit filename="/home/home/projects/dislocation/../../deal.II/share/deal.II/macros/macro_deal_ii_invoke_autopilot.cmake">
			<Option virtualFolder="CMake Files\..\..\deal.II\share\deal.II\macros\"/>
		</Unit>
		<Unit filename="/home/home/projects/dislocation/../../deal.II/share/deal.II/macros/macro_deal_ii_pickup_tests.cmake">
			<Option virtualFolder="CMake Files\..\..\deal.II\share\deal.II\macros\"/>
		</Unit>
		<Unit filename="/home/home/projects/dislocation/../../deal.II/share/deal.II/macros/macro_deal_ii_query_git_information.cmake">
			<Option virtualFolder="CMake Files\..\..\deal.II\share\deal.II\macros\"/>
		</Unit>
		<Unit filename="/home/home/projects/dislocation/../../deal.II/share/deal.II/macros/macro_deal_ii_setup_target.cmake">
			<Option virtualFolder="CMake Files\..\..\deal.II\share\deal.II\macros\"/>
		</Unit>
	</Project>
</CodeBlocks_project_file>
